
Microsoft Visual Studio Solution File, Format Version 11.00
# Visual Studio 2010
Project("{FAE04EC0-301F-11D3-BF4B-00C04F79EFBC}") = "MVVM_ASP_MVC_WEB", "MVVM_ASP_MVC_WEB\MVVM_ASP_MVC_WEB.csproj", "{569B2B5C-57F5-4AFC-924F-46EC47DCAE53}"
EndProject
Global
	GlobalSection(SolutionConfigurationPlatforms) = preSolution
		Debug|Any CPU = Debug|Any CPU
		Release|Any CPU = Release|Any CPU
	EndGlobalSection
	GlobalSection(ProjectConfigurationPlatforms) = postSolution
		{569B2B5C-57F5-4AFC-924F-46EC47DCAE53}.Debug|Any CPU.ActiveCfg = Debug|Any CPU
		{569B2B5C-57F5-4AFC-924F-46EC47DCAE53}.Debug|Any CPU.Build.0 = Debug|Any CPU
		{569B2B5C-57F5-4AFC-924F-46EC47DCAE53}.Release|Any CPU.ActiveCfg = Release|Any CPU
		{569B2B5C-57F5-4AFC-924F-46EC47DCAE53}.Release|Any CPU.Build.0 = Release|Any CPU
	EndGlobalSection
	GlobalSection(SolutionProperties) = preSolution
		HideSolutionNode = FALSE
	EndGlobalSection
EndGlobal
